
Microsoft Visual Studio Solution File, Format Version 12.00
# Visual Studio Version 17
VisualStudioVersion = 17.0.31611.283
MinimumVisualStudioVersion = 10.0.40219.1
Project("{9A19103F-16F7-4668-BE54-9A1E7A4F7556}") = "Sudoku", "Sudoku\Sudoku.csproj", "{67C7D276-20AE-4544-97BE-76115AE41915}"
EndProject
Project("{9A19103F-16F7-4668-BE54-9A1E7A4F7556}") = "SudokuTest", "SudokuTest\SudokuTest.csproj", "{6AFB8617-2A9E-4727-9B6F-33984CCA7968}"
EndProject
Project("{FAE04EC0-301F-11D3-BF4B-00C04F79EFBC}") = "Sudoku.Maui", "Sudoku.Maui\Sudoku.Maui.csproj", "{A45AB14F-7E7F-4BF0-BDA0-FCFEB7394684}"
EndProject
Global
	GlobalSection(SolutionConfigurationPlatforms) = preSolution
		Debug|Any CPU = Debug|Any CPU
		Release|Any CPU = Release|Any CPU
	EndGlobalSection
	GlobalSection(ProjectConfigurationPlatforms) = postSolution
		{67C7D276-20AE-4544-97BE-76115AE41915}.Debug|Any CPU.ActiveCfg = Debug|Any CPU
		{67C7D276-20AE-4544-97BE-76115AE41915}.Debug|Any CPU.Build.0 = Debug|Any CPU
		{67C7D276-20AE-4544-97BE-76115AE41915}.Release|Any CPU.ActiveCfg = Release|Any CPU
		{67C7D276-20AE-4544-97BE-76115AE41915}.Release|Any CPU.Build.0 = Release|Any CPU
		{6AFB8617-2A9E-4727-9B6F-33984CCA7968}.Debug|Any CPU.ActiveCfg = Debug|Any CPU
		{6AFB8617-2A9E-4727-9B6F-33984CCA7968}.Debug|Any CPU.Build.0 = Debug|Any CPU
		{6AFB8617-2A9E-4727-9B6F-33984CCA7968}.Release|Any CPU.ActiveCfg = Release|Any CPU
		{6AFB8617-2A9E-4727-9B6F-33984CCA7968}.Release|Any CPU.Build.0 = Release|Any CPU
		{A45AB14F-7E7F-4BF0-BDA0-FCFEB7394684}.Debug|Any CPU.ActiveCfg = Debug|Any CPU
		{A45AB14F-7E7F-4BF0-BDA0-FCFEB7394684}.Debug|Any CPU.Build.0 = Debug|Any CPU
		{A45AB14F-7E7F-4BF0-BDA0-FCFEB7394684}.Debug|Any CPU.Deploy.0 = Debug|Any CPU
		{A45AB14F-7E7F-4BF0-BDA0-FCFEB7394684}.Release|Any CPU.ActiveCfg = Release|Any CPU
		{A45AB14F-7E7F-4BF0-BDA0-FCFEB7394684}.Release|Any CPU.Build.0 = Release|Any CPU
		{A45AB14F-7E7F-4BF0-BDA0-FCFEB7394684}.Release|Any CPU.Deploy.0 = Release|Any CPU
	EndGlobalSection
	GlobalSection(SolutionProperties) = preSolution
		HideSolutionNode = FALSE
	EndGlobalSection
	GlobalSection(ExtensibilityGlobals) = postSolution
		SolutionGuid = {61F7FB11-1E47-470C-91E2-47F8143E1572}
	EndGlobalSection
EndGlobal
